schema: '2.0'
stages:
  preprocess@synthetic_twin:
    cmd: python -m quant_lab.data.preprocess --dataset synthetic_twin
    deps:
    - path: data/raw/synthetic_twin
      hash: md5
      md5: d11975e4dee053ab5896279e80350d25.dir
      size: 296376
      nfiles: 2
    - path: src/quant_lab/data/loaders.py
      hash: md5
      md5: db2206f75638fd8642a2de5070233155
      size: 1331
    - path: src/quant_lab/data/preprocess.py
      hash: md5
      md5: 51be19cc65eda38c6e4031ba3952b0be
      size: 3219
    - path: src/quant_lab/data/synchronization.py
      hash: md5
      md5: 8d25a0082cab530cf4943d0773e5d95b
      size: 2250
    - path: src/quant_lab/data/validation.py
      hash: md5
      md5: e6398330b6c6232188a03e256cf13da3
      size: 6412
    params:
      conf/data/synthetic_twin.yaml:
        alignment:
          missing_policy: drop
          ffill_limit: 0
        legs:
          a: TWIN_A
          b: TWIN_B
        validation:
          max_missing_frac: 0.02
          max_abs_log_return: 0.25
    outs:
    - path: data/processed/synthetic_twin/panel.parquet
      hash: md5
      md5: 86ddb3990840ad3e0e36c16ce78e0b9d
      size: 271905
    - path: data/processed/synthetic_twin/validation.json
      hash: md5
      md5: bbd84922942639cd5c35db4cf72ba0ff
      size: 322
